
Microsoft Visual Studio Solution File, Format Version 12.00
# Visual Studio Version 17
VisualStudioVersion = 17.0.31815.197
MinimumVisualStudioVersion = 10.0.40219.1
Project("{C7167F0D-BC9F-4E6E-AFE1-012C56B48DB5}") = "Anime SD2HD (Package)", "Anime SD2HD (Package)\Anime SD2HD (Package).wapproj", "{6FAECB0F-5377-4FD0-837B-90079A7BD044}"
EndProject
Project("{FAE04EC0-301F-11D3-BF4B-00C04F79EFBC}") = "Anime SD2HD", "Anime SD2HD\Anime SD2HD.csproj", "{644E2E30-0D34-49F1-B635-08AA564AA58E}"
EndProject
Global
	GlobalSection(SolutionConfigurationPlatforms) = preSolution
		Debug|arm64 = Debug|arm64
		Debug|x64 = Debug|x64
		Debug|x86 = Debug|x86
		Release|arm64 = Release|arm64
		Release|x64 = Release|x64
		Release|x86 = Release|x86
	EndGlobalSection
	GlobalSection(ProjectConfigurationPlatforms) = postSolution
		{6FAECB0F-5377-4FD0-837B-90079A7BD044}.Debug|arm64.ActiveCfg = Debug|arm64
		{6FAECB0F-5377-4FD0-837B-90079A7BD044}.Debug|arm64.Build.0 = Debug|arm64
		{6FAECB0F-5377-4FD0-837B-90079A7BD044}.Debug|arm64.Deploy.0 = Debug|arm64
		{6FAECB0F-5377-4FD0-837B-90079A7BD044}.Debug|x64.ActiveCfg = Debug|x64
		{6FAECB0F-5377-4FD0-837B-90079A7BD044}.Debug|x64.Build.0 = Debug|x64
		{6FAECB0F-5377-4FD0-837B-90079A7BD044}.Debug|x64.Deploy.0 = Debug|x64
		{6FAECB0F-5377-4FD0-837B-90079A7BD044}.Debug|x86.ActiveCfg = Debug|x86
		{6FAECB0F-5377-4FD0-837B-90079A7BD044}.Debug|x86.Build.0 = Debug|x86
		{6FAECB0F-5377-4FD0-837B-90079A7BD044}.Debug|x86.Deploy.0 = Debug|x86
		{6FAECB0F-5377-4FD0-837B-90079A7BD044}.Release|arm64.ActiveCfg = Release|arm64
		{6FAECB0F-5377-4FD0-837B-90079A7BD044}.Release|arm64.Build.0 = Release|arm64
		{6FAECB0F-5377-4FD0-837B-90079A7BD044}.Release|arm64.Deploy.0 = Release|arm64
		{6FAECB0F-5377-4FD0-837B-90079A7BD044}.Release|x64.ActiveCfg = Release|x64
		{6FAECB0F-5377-4FD0-837B-90079A7BD044}.Release|x64.Build.0 = Release|x64
		{6FAECB0F-5377-4FD0-837B-90079A7BD044}.Release|x64.Deploy.0 = Release|x64
		{6FAECB0F-5377-4FD0-837B-90079A7BD044}.Release|x86.ActiveCfg = Release|x86
		{6FAECB0F-5377-4FD0-837B-90079A7BD044}.Release|x86.Build.0 = Release|x86
		{6FAECB0F-5377-4FD0-837B-90079A7BD044}.Release|x86.Deploy.0 = Release|x86
		{644E2E30-0D34-49F1-B635-08AA564AA58E}.Debug|arm64.ActiveCfg = Debug|arm64
		{644E2E30-0D34-49F1-B635-08AA564AA58E}.Debug|arm64.Build.0 = Debug|arm64
		{644E2E30-0D34-49F1-B635-08AA564AA58E}.Debug|x64.ActiveCfg = Debug|x64
		{644E2E30-0D34-49F1-B635-08AA564AA58E}.Debug|x64.Build.0 = Debug|x64
		{644E2E30-0D34-49F1-B635-08AA564AA58E}.Debug|x86.ActiveCfg = Debug|x86
		{644E2E30-0D34-49F1-B635-08AA564AA58E}.Debug|x86.Build.0 = Debug|x86
		{644E2E30-0D34-49F1-B635-08AA564AA58E}.Release|arm64.ActiveCfg = Release|arm64
		{644E2E30-0D34-49F1-B635-08AA564AA58E}.Release|arm64.Build.0 = Release|arm64
		{644E2E30-0D34-49F1-B635-08AA564AA58E}.Release|x64.ActiveCfg = Release|x64
		{644E2E30-0D34-49F1-B635-08AA564AA58E}.Release|x64.Build.0 = Release|x64
		{644E2E30-0D34-49F1-B635-08AA564AA58E}.Release|x86.ActiveCfg = Release|x86
		{644E2E30-0D34-49F1-B635-08AA564AA58E}.Release|x86.Build.0 = Release|x86
	EndGlobalSection
	GlobalSection(SolutionProperties) = preSolution
		HideSolutionNode = FALSE
	EndGlobalSection
	GlobalSection(ExtensibilityGlobals) = postSolution
		SolutionGuid = {C7DB45DE-D0B1-4E96-9A4C-3C0C6EBA9A78}
	EndGlobalSection
EndGlobal
